
Microsoft Visual Studio Solution File, Format Version 12.00
# Visual Studio Version 17
VisualStudioVersion = 17.4.33205.214
MinimumVisualStudioVersion = 10.0.40219.1
Project("{9A19103F-16F7-4668-BE54-9A1E7A4F7556}") = "NetCoreGNG", "NetCoreGNG\NetCoreGNG.csproj", "{88944888-5A7E-47A3-95FC-85E9959D3492}"
EndProject
Project("{FAE04EC0-301F-11D3-BF4B-00C04F79EFBC}") = "Entities", "Entities\Entities.csproj", "{E095207D-5ABE-4B8B-8A9D-90B75B14C18C}"
EndProject
Global
	GlobalSection(SolutionConfigurationPlatforms) = preSolution
		Debug|Any CPU = Debug|Any CPU
		Release|Any CPU = Release|Any CPU
	EndGlobalSection
	GlobalSection(ProjectConfigurationPlatforms) = postSolution
		{88944888-5A7E-47A3-95FC-85E9959D3492}.Debug|Any CPU.ActiveCfg = Debug|Any CPU
		{88944888-5A7E-47A3-95FC-85E9959D3492}.Debug|Any CPU.Build.0 = Debug|Any CPU
		{88944888-5A7E-47A3-95FC-85E9959D3492}.Release|Any CPU.ActiveCfg = Release|Any CPU
		{88944888-5A7E-47A3-95FC-85E9959D3492}.Release|Any CPU.Build.0 = Release|Any CPU
		{E095207D-5ABE-4B8B-8A9D-90B75B14C18C}.Debug|Any CPU.ActiveCfg = Debug|Any CPU
		{E095207D-5ABE-4B8B-8A9D-90B75B14C18C}.Debug|Any CPU.Build.0 = Debug|Any CPU
		{E095207D-5ABE-4B8B-8A9D-90B75B14C18C}.Release|Any CPU.ActiveCfg = Release|Any CPU
		{E095207D-5ABE-4B8B-8A9D-90B75B14C18C}.Release|Any CPU.Build.0 = Release|Any CPU
	EndGlobalSection
	GlobalSection(SolutionProperties) = preSolution
		HideSolutionNode = FALSE
	EndGlobalSection
	GlobalSection(ExtensibilityGlobals) = postSolution
		SolutionGuid = {D9AE7834-461B-4600-9157-EC8CF2D8A0D2}
	EndGlobalSection
EndGlobal
